
Microsoft Visual Studio Solution File, Format Version 12.00
# Visual Studio 15
VisualStudioVersion = 15.0.27825.0
MinimumVisualStudioVersion = 10.0.40219.1
Project("{FAE04EC0-301F-11D3-BF4B-00C04F79EFBC}") = "StreamVideo.Android", "StreamVideo\StreamVideo.Android\StreamVideo.Android.csproj", "{6B6D22B9-9A13-40F6-9A54-273C199B777B}"
EndProject
Project("{FAE04EC0-301F-11D3-BF4B-00C04F79EFBC}") = "StreamVideo.iOS", "StreamVideo\StreamVideo.iOS\StreamVideo.iOS.csproj", "{9189FCA2-0A9D-44E8-B2E3-6B5330C3BB07}"
EndProject
Project("{FAE04EC0-301F-11D3-BF4B-00C04F79EFBC}") = "StreamVideo.UWP", "StreamVideo\StreamVideo.UWP\StreamVideo.UWP.csproj", "{A03F6014-8A5A-4CE2-8DDC-31FB592AB064}"
EndProject
Project("{FAE04EC0-301F-11D3-BF4B-00C04F79EFBC}") = "StreamVideo", "StreamVideo\StreamVideo\StreamVideo.csproj", "{D7E6ECDD-9A6E-4045-B279-E270618AE11D}"
EndProject
Global
	GlobalSection(SolutionConfigurationPlatforms) = preSolution
		Ad-Hoc|Any CPU = Ad-Hoc|Any CPU
		Ad-Hoc|ARM = Ad-Hoc|ARM
		Ad-Hoc|iPhone = Ad-Hoc|iPhone
		Ad-Hoc|iPhoneSimulator = Ad-Hoc|iPhoneSimulator
		Ad-Hoc|x64 = Ad-Hoc|x64
		Ad-Hoc|x86 = Ad-Hoc|x86
		AppStore|Any CPU = AppStore|Any CPU
		AppStore|ARM = AppStore|ARM
		AppStore|iPhone = AppStore|iPhone
		AppStore|iPhoneSimulator = AppStore|iPhoneSimulator
		AppStore|x64 = AppStore|x64
		AppStore|x86 = AppStore|x86
		Debug|Any CPU = Debug|Any CPU
		Debug|ARM = Debug|ARM
		Debug|iPhone = Debug|iPhone
		Debug|iPhoneSimulator = Debug|iPhoneSimulator
		Debug|x64 = Debug|x64
		Debug|x86 = Debug|x86
		Release|Any CPU = Release|Any CPU
		Release|ARM = Release|ARM
		Release|iPhone = Release|iPhone
		Release|iPhoneSimulator = Release|iPhoneSimulator
		Release|x64 = Release|x64
		Release|x86 = Release|x86
	EndGlobalSection
	GlobalSection(ProjectConfigurationPlatforms) = postSolution
		{6B6D22B9-9A13-40F6-9A54-273C199B777B}.Ad-Hoc|Any CPU.ActiveCfg = Release|Any CPU
		{6B6D22B9-9A13-40F6-9A54-273C199B777B}.Ad-Hoc|Any CPU.Build.0 = Release|Any CPU
		{6B6D22B9-9A13-40F6-9A54-273C199B777B}.Ad-Hoc|Any CPU.Deploy.0 = Release|Any CPU
		{6B6D22B9-9A13-40F6-9A54-273C199B777B}.Ad-Hoc|ARM.ActiveCfg = Release|Any CPU
		{6B6D22B9-9A13-40F6-9A54-273C199B777B}.Ad-Hoc|ARM.Build.0 = Release|Any CPU
		{6B6D22B9-9A13-40F6-9A54-273C199B777B}.Ad-Hoc|ARM.Deploy.0 = Release|Any CPU
		{6B6D22B9-9A13-40F6-9A54-273C199B777B}.Ad-Hoc|iPhone.ActiveCfg = Release|Any CPU
		{6B6D22B9-9A13-40F6-9A54-273C199B777B}.Ad-Hoc|iPhone.Build.0 = Release|Any CPU
		{6B6D22B9-9A13-40F6-9A54-273C199B777B}.Ad-Hoc|iPhone.Deploy.0 = Release|Any CPU
		{6B6D22B9-9A13-40F6-9A54-273C199B777B}.Ad-Hoc|iPhoneSimulator.ActiveCfg = Release|Any CPU
		{6B6D22B9-9A13-40F6-9A54-273C199B777B}.Ad-Hoc|iPhoneSimulator.Build.0 = Release|Any CPU
		{6B6D22B9-9A13-40F6-9A54-273C199B777B}.Ad-Hoc|iPhoneSimulator.Deploy.0 = Release|Any CPU
		{6B6D22B9-9A13-40F6-9A54-273C199B777B}.Ad-Hoc|x64.ActiveCfg = Release|Any CPU
		{6B6D22B9-9A13-40F6-9A54-273C199B777B}.Ad-Hoc|x64.Build.0 = Release|Any CPU
		{6B6D22B9-9A13-40F6-9A54-273C199B777B}.Ad-Hoc|x64.Deploy.0 = Release|Any CPU
		{6B6D22B9-9A13-40F6-9A54-273C199B777B}.Ad-Hoc|x86.ActiveCfg = Release|Any CPU
		{6B6D22B9-9A13-40F6-9A54-273C199B777B}.Ad-Hoc|x86.Build.0 = Release|Any CPU
		{6B6D22B9-9A13-40F6-9A54-273C199B777B}.Ad-Hoc|x86.Deploy.0 = Release|Any CPU
		{6B6D22B9-9A13-40F6-9A54-273C199B777B}.AppStore|Any CPU.ActiveCfg = Release|Any CPU
		{6B6D22B9-9A13-40F6-9A54-273C199B777B}.AppStore|Any CPU.Build.0 = Release|Any CPU
		{6B6D22B9-9A13-40F6-9A54-273C199B777B}.AppStore|Any CPU.Deploy.0 = Release|Any CPU
		{6B6D22B9-9A13-40F6-9A54-273C199B777B}.AppStore|ARM.ActiveCfg = Release|Any CPU
		{6B6D22B9-9A13-40F6-9A54-273C199B777B}.AppStore|ARM.Build.0 = Release|Any CPU
		{6B6D22B9-9A13-40F6-9A54-273C199B777B}.AppStore|ARM.Deploy.0 = Release|Any CPU
		{6B6D22B9-9A13-40F6-9A54-273C199B777B}.AppStore|iPhone.ActiveCfg = Release|Any CPU
		{6B6D22B9-9A13-40F6-9A54-273C199B777B}.AppStore|iPhone.Build.0 = Release|Any CPU
		{6B6D22B9-9A13-40F6-9A54-273C199B777B}.AppStore|iPhone.Deploy.0 = Release|Any CPU
		{6B6D22B9-9A13-40F6-9A54-273C199B777B}.AppStore|iPhoneSimulator.ActiveCfg = Release|Any CPU
		{6B6D22B9-9A13-40F6-9A54-273C199B777B}.AppStore|iPhoneSimulator.Build.0 = Release|Any CPU
		{6B6D22B9-9A13-40F6-9A54-273C199B777B}.AppStore|iPhoneSimulator.Deploy.0 = Release|Any CPU
		{6B6D22B9-9A13-40F6-9A54-273C199B777B}.AppStore|x64.ActiveCfg = Release|Any CPU
		{6B6D22B9-9A13-40F6-9A54-273C199B777B}.AppStore|x64.Build.0 = Release|Any CPU
		{6B6D22B9-9A13-40F6-9A54-273C199B777B}.AppStore|x64.Deploy.0 = Release|Any CPU
		{6B6D22B9-9A13-40F6-9A54-273C199B777B}.AppStore|x86.ActiveCfg = Release|Any CPU
		{6B6D22B9-9A13-40F6-9A54-273C199B777B}.AppStore|x86.Build.0 = Release|Any CPU
		{6B6D22B9-9A13-40F6-9A54-273C199B777B}.AppStore|x86.Deploy.0 = Release|Any CPU
		{6B6D22B9-9A13-40F6-9A54-273C199B777B}.Debug|Any CPU.ActiveCfg = Debug|Any CPU
		{6B6D22B9-9A13-40F6-9A54-273C199B777B}.Debug|Any CPU.Build.0 = Debug|Any CPU
		{6B6D22B9-9A13-40F6-9A54-273C199B777B}.Debug|Any CPU.Deploy.0 = Debug|Any CPU
		{6B6D22B9-9A13-40F6-9A54-273C199B777B}.Debug|ARM.ActiveCfg = Debug|Any CPU
		{6B6D22B9-9A13-40F6-9A54-273C199B777B}.Debug|ARM.Build.0 = Debug|Any CPU
		{6B6D22B9-9A13-40F6-9A54-273C199B777B}.Debug|ARM.Deploy.0 = Debug|Any CPU
		{6B6D22B9-9A13-40F6-9A54-273C199B777B}.Debug|iPhone.ActiveCfg = Debug|Any CPU
		{6B6D22B9-9A13-40F6-9A54-273C199B777B}.Debug|iPhone.Build.0 = Debug|Any CPU
		{6B6D22B9-9A13-40F6-9A54-273C199B777B}.Debug|iPhone.Deploy.0 = Debug|Any CPU
		{6B6D22B9-9A13-40F6-9A54-273C199B777B}.Debug|iPhoneSimulator.ActiveCfg = Debug|Any CPU
		{6B6D22B9-9A13-40F6-9A54-273C199B777B}.Debug|iPhoneSimulator.Build.0 = Debug|Any CPU
		{6B6D22B9-9A13-40F6-9A54-273C199B777B}.Debug|iPhoneSimulator.Deploy.0 = Debug|Any CPU
		{6B6D22B9-9A13-40F6-9A54-273C199B777B}.Debug|x64.ActiveCfg = Debug|Any CPU
		{6B6D22B9-9A13-40F6-9A54-273C199B777B}.Debug|x64.Build.0 = Debug|Any CPU
		{6B6D22B9-9A13-40F6-9A54-273C199B777B}.Debug|x64.Deploy.0 = Debug|Any CPU
		{6B6D22B9-9A13-40F6-9A54-273C199B777B}.Debug|x86.ActiveCfg = Debug|Any CPU
		{6B6D22B9-9A13-40F6-9A54-273C199B777B}.Debug|x86.Build.0 = Debug|Any CPU
		{6B6D22B9-9A13-40F6-9A54-273C199B777B}.Debug|x86.Deploy.0 = Debug|Any CPU
		{6B6D22B9-9A13-40F6-9A54-273C199B777B}.Release|Any CPU.ActiveCfg = Release|Any CPU
		{6B6D22B9-9A13-40F6-9A54-273C199B777B}.Release|Any CPU.Build.0 = Release|Any CPU
		{6B6D22B9-9A13-40F6-9A54-273C199B777B}.Release|Any CPU.Deploy.0 = Release|Any CPU
		{6B6D22B9-9A13-40F6-9A54-273C199B777B}.Release|ARM.ActiveCfg = Release|Any CPU
		{6B6D22B9-9A13-40F6-9A54-273C199B777B}.Release|ARM.Build.0 = Release|Any CPU
		{6B6D22B9-9A13-40F6-9A54-273C199B777B}.Release|ARM.Deploy.0 = Release|Any CPU
		{6B6D22B9-9A13-40F6-9A54-273C199B777B}.Release|iPhone.ActiveCfg = Release|Any CPU
		{6B6D22B9-9A13-40F6-9A54-273C199B777B}.Release|iPhone.Build.0 = Release|Any CPU
		{6B6D22B9-9A13-40F6-9A54-273C199B777B}.Release|iPhone.Deploy.0 = Release|Any CPU
		{6B6D22B9-9A13-40F6-9A54-273C199B777B}.Release|iPhoneSimulator.ActiveCfg = Release|Any CPU
		{6B6D22B9-9A13-40F6-9A54-273C199B777B}.Release|iPhoneSimulator.Build.0 = Release|Any CPU
		{6B6D22B9-9A13-40F6-9A54-273C199B777B}.Release|iPhoneSimulator.Deploy.0 = Release|Any CPU
		{6B6D22B9-9A13-40F6-9A54-273C199B777B}.Release|x64.ActiveCfg = Release|Any CPU
		{6B6D22B9-9A13-40F6-9A54-273C199B777B}.Release|x64.Build.0 = Release|Any CPU
		{6B6D22B9-9A13-40F6-9A54-273C199B777B}.Release|x64.Deploy.0 = Release|Any CPU
		{6B6D22B9-9A13-40F6-9A54-273C199B777B}.Release|x86.ActiveCfg = Release|Any CPU
		{6B6D22B9-9A13-40F6-9A54-273C199B777B}.Release|x86.Build.0 = Release|Any CPU
		{6B6D22B9-9A13-40F6-9A54-273C199B777B}.Release|x86.Deploy.0 = Release|Any CPU
		{9189FCA2-0A9D-44E8-B2E3-6B5330C3BB07}.Ad-Hoc|Any CPU.ActiveCfg = Ad-Hoc|iPhone
		{9189FCA2-0A9D-44E8-B2E3-6B5330C3BB07}.Ad-Hoc|Any CPU.Build.0 = Ad-Hoc|iPhone
		{9189FCA2-0A9D-44E8-B2E3-6B5330C3BB07}.Ad-Hoc|Any CPU.Deploy.0 = Ad-Hoc|iPhone
		{9189FCA2-0A9D-44E8-B2E3-6B5330C3BB07}.Ad-Hoc|ARM.ActiveCfg = Ad-Hoc|iPhone
		{9189FCA2-0A9D-44E8-B2E3-6B5330C3BB07}.Ad-Hoc|ARM.Build.0 = Ad-Hoc|iPhone
		{9189FCA2-0A9D-44E8-B2E3-6B5330C3BB07}.Ad-Hoc|ARM.Deploy.0 = Ad-Hoc|iPhone
		{9189FCA2-0A9D-44E8-B2E3-6B5330C3BB07}.Ad-Hoc|iPhone.ActiveCfg = Ad-Hoc|iPhone
		{9189FCA2-0A9D-44E8-B2E3-6B5330C3BB07}.Ad-Hoc|iPhone.Build.0 = Ad-Hoc|iPhone
		{9189FCA2-0A9D-44E8-B2E3-6B5330C3BB07}.Ad-Hoc|iPhone.Deploy.0 = Ad-Hoc|iPhone
		{9189FCA2-0A9D-44E8-B2E3-6B5330C3BB07}.Ad-Hoc|iPhoneSimulator.ActiveCfg = Ad-Hoc|iPhoneSimulator
		{9189FCA2-0A9D-44E8-B2E3-6B5330C3BB07}.Ad-Hoc|iPhoneSimulator.Build.0 = Ad-Hoc|iPhoneSimulator
		{9189FCA2-0A9D-44E8-B2E3-6B5330C3BB07}.Ad-Hoc|iPhoneSimulator.Deploy.0 = Ad-Hoc|iPhoneSimulator
		{9189FCA2-0A9D-44E8-B2E3-6B5330C3BB07}.Ad-Hoc|x64.ActiveCfg = Ad-Hoc|iPhone
		{9189FCA2-0A9D-44E8-B2E3-6B5330C3BB07}.Ad-Hoc|x64.Build.0 = Ad-Hoc|iPhone
		{9189FCA2-0A9D-44E8-B2E3-6B5330C3BB07}.Ad-Hoc|x64.Deploy.0 = Ad-Hoc|iPhone
		{9189FCA2-0A9D-44E8-B2E3-6B5330C3BB07}.Ad-Hoc|x86.ActiveCfg = Ad-Hoc|iPhone
		{9189FCA2-0A9D-44E8-B2E3-6B5330C3BB07}.Ad-Hoc|x86.Build.0 = Ad-Hoc|iPhone
		{9189FCA2-0A9D-44E8-B2E3-6B5330C3BB07}.Ad-Hoc|x86.Deploy.0 = Ad-Hoc|iPhone
		{9189FCA2-0A9D-44E8-B2E3-6B5330C3BB07}.AppStore|Any CPU.ActiveCfg = AppStore|iPhone
		{9189FCA2-0A9D-44E8-B2E3-6B5330C3BB07}.AppStore|Any CPU.Build.0 = AppStore|iPhone
		{9189FCA2-0A9D-44E8-B2E3-6B5330C3BB07}.AppStore|Any CPU.Deploy.0 = AppStore|iPhone
		{9189FCA2-0A9D-44E8-B2E3-6B5330C3BB07}.AppStore|ARM.ActiveCfg = AppStore|iPhone
		{9189FCA2-0A9D-44E8-B2E3-6B5330C3BB07}.AppStore|ARM.Build.0 = AppStore|iPhone
		{9189FCA2-0A9D-44E8-B2E3-6B5330C3BB07}.AppStore|ARM.Deploy.0 = AppStore|iPhone
		{9189FCA2-0A9D-44E8-B2E3-6B5330C3BB07}.AppStore|iPhone.ActiveCfg = AppStore|iPhone
		{9189FCA2-0A9D-44E8-B2E3-6B5330C3BB07}.AppStore|iPhone.Build.0 = AppStore|iPhone
		{9189FCA2-0A9D-44E8-B2E3-6B5330C3BB07}.AppStore|iPhone.Deploy.0 = AppStore|iPhone
		{9189FCA2-0A9D-44E8-B2E3-6B5330C3BB07}.AppStore|iPhoneSimulator.ActiveCfg = AppStore|iPhoneSimulator
		{9189FCA2-0A9D-44E8-B2E3-6B5330C3BB07}.AppStore|iPhoneSimulator.Build.0 = AppStore|iPhoneSimulator
		{9189FCA2-0A9D-44E8-B2E3-6B5330C3BB07}.AppStore|iPhoneSimulator.Deploy.0 = AppStore|iPhoneSimulator
		{9189FCA2-0A9D-44E8-B2E3-6B5330C3BB07}.AppStore|x64.ActiveCfg = AppStore|iPhone
		{9189FCA2-0A9D-44E8-B2E3-6B5330C3BB07}.AppStore|x64.Build.0 = AppStore|iPhone
		{9189FCA2-0A9D-44E8-B2E3-6B5330C3BB07}.AppStore|x64.Deploy.0 = AppStore|iPhone
		{9189FCA2-0A9D-44E8-B2E3-6B5330C3BB07}.AppStore|x86.ActiveCfg = AppStore|iPhone
		{9189FCA2-0A9D-44E8-B2E3-6B5330C3BB07}.AppStore|x86.Build.0 = AppStore|iPhone
		{9189FCA2-0A9D-44E8-B2E3-6B5330C3BB07}.AppStore|x86.Deploy.0 = AppStore|iPhone
		{9189FCA2-0A9D-44E8-B2E3-6B5330C3BB07}.Debug|Any CPU.ActiveCfg = Debug|iPhoneSimulator
		{9189FCA2-0A9D-44E8-B2E3-6B5330C3BB07}.Debug|Any CPU.Build.0 = Debug|iPhoneSimulator
		{9189FCA2-0A9D-44E8-B2E3-6B5330C3BB07}.Debug|Any CPU.Deploy.0 = Debug|iPhoneSimulator
		{9189FCA2-0A9D-44E8-B2E3-6B5330C3BB07}.Debug|ARM.ActiveCfg = Debug|iPhone
		{9189FCA2-0A9D-44E8-B2E3-6B5330C3BB07}.Debug|ARM.Build.0 = Debug|iPhone
		{9189FCA2-0A9D-44E8-B2E3-6B5330C3BB07}.Debug|ARM.Deploy.0 = Debug|iPhone
		{9189FCA2-0A9D-44E8-B2E3-6B5330C3BB07}.Debug|iPhone.ActiveCfg = Debug|iPhone
		{9189FCA2-0A9D-44E8-B2E3-6B5330C3BB07}.Debug|iPhone.Build.0 = Debug|iPhone
		{9189FCA2-0A9D-44E8-B2E3-6B5330C3BB07}.Debug|iPhone.Deploy.0 = Debug|iPhone
		{9189FCA2-0A9D-44E8-B2E3-6B5330C3BB07}.Debug|iPhoneSimulator.ActiveCfg = Debug|iPhoneSimulator
		{9189FCA2-0A9D-44E8-B2E3-6B5330C3BB07}.Debug|iPhoneSimulator.Build.0 = Debug|iPhoneSimulator
		{9189FCA2-0A9D-44E8-B2E3-6B5330C3BB07}.Debug|iPhoneSimulator.Deploy.0 = Debug|iPhoneSimulator
		{9189FCA2-0A9D-44E8-B2E3-6B5330C3BB07}.Debug|x64.ActiveCfg = Debug|iPhone
		{9189FCA2-0A9D-44E8-B2E3-6B5330C3BB07}.Debug|x64.Build.0 = Debug|iPhone
		{9189FCA2-0A9D-44E8-B2E3-6B5330C3BB07}.Debug|x64.Deploy.0 = Debug|iPhone
		{9189FCA2-0A9D-44E8-B2E3-6B5330C3BB07}.Debug|x86.ActiveCfg = Debug|iPhone
		{9189FCA2-0A9D-44E8-B2E3-6B5330C3BB07}.Debug|x86.Build.0 = Debug|iPhone
		{9189FCA2-0A9D-44E8-B2E3-6B5330C3BB07}.Debug|x86.Deploy.0 = Debug|iPhone
		{9189FCA2-0A9D-44E8-B2E3-6B5330C3BB07}.Release|Any CPU.ActiveCfg = Release|iPhone
		{9189FCA2-0A9D-44E8-B2E3-6B5330C3BB07}.Release|Any CPU.Build.0 = Release|iPhone
		{9189FCA2-0A9D-44E8-B2E3-6B5330C3BB07}.Release|Any CPU.Deploy.0 = Release|iPhone
		{9189FCA2-0A9D-44E8-B2E3-6B5330C3BB07}.Release|ARM.ActiveCfg = Release|iPhone
		{9189FCA2-0A9D-44E8-B2E3-6B5330C3BB07}.Release|ARM.Build.0 = Release|iPhone
		{9189FCA2-0A9D-44E8-B2E3-6B5330C3BB07}.Release|ARM.Deploy.0 = Release|iPhone
		{9189FCA2-0A9D-44E8-B2E3-6B5330C3BB07}.Release|iPhone.ActiveCfg = Release|iPhone
		{9189FCA2-0A9D-44E8-B2E3-6B5330C3BB07}.Release|iPhone.Build.0 = Release|iPhone
		{9189FCA2-0A9D-44E8-B2E3-6B5330C3BB07}.Release|iPhone.Deploy.0 = Release|iPhone
		{9189FCA2-0A9D-44E8-B2E3-6B5330C3BB07}.Release|iPhoneSimulator.ActiveCfg = Release|iPhoneSimulator
		{9189FCA2-0A9D-44E8-B2E3-6B5330C3BB07}.Release|iPhoneSimulator.Build.0 = Release|iPhoneSimulator
		{9189FCA2-0A9D-44E8-B2E3-6B5330C3BB07}.Release|iPhoneSimulator.Deploy.0 = Release|iPhoneSimulator
		{9189FCA2-0A9D-44E8-B2E3-6B5330C3BB07}.Release|x64.ActiveCfg = Release|iPhone
		{9189FCA2-0A9D-44E8-B2E3-6B5330C3BB07}.Release|x64.Build.0 = Release|iPhone
		{9189FCA2-0A9D-44E8-B2E3-6B5330C3BB07}.Release|x64.Deploy.0 = Release|iPhone
		{9189FCA2-0A9D-44E8-B2E3-6B5330C3BB07}.Release|x86.ActiveCfg = Release|iPhone
		{9189FCA2-0A9D-44E8-B2E3-6B5330C3BB07}.Release|x86.Build.0 = Release|iPhone
		{9189FCA2-0A9D-44E8-B2E3-6B5330C3BB07}.Release|x86.Deploy.0 = Release|iPhone
		{A03F6014-8A5A-4CE2-8DDC-31FB592AB064}.Ad-Hoc|Any CPU.ActiveCfg = Release|x86
		{A03F6014-8A5A-4CE2-8DDC-31FB592AB064}.Ad-Hoc|Any CPU.Build.0 = Release|x86
		{A03F6014-8A5A-4CE2-8DDC-31FB592AB064}.Ad-Hoc|Any CPU.Deploy.0 = Release|x86
		{A03F6014-8A5A-4CE2-8DDC-31FB592AB064}.Ad-Hoc|ARM.ActiveCfg = Release|ARM
		{A03F6014-8A5A-4CE2-8DDC-31FB592AB064}.Ad-Hoc|ARM.Build.0 = Release|ARM
		{A03F6014-8A5A-4CE2-8DDC-31FB592AB064}.Ad-Hoc|ARM.Deploy.0 = Release|ARM
		{A03F6014-8A5A-4CE2-8DDC-31FB592AB064}.Ad-Hoc|iPhone.ActiveCfg = Release|x86
		{A03F6014-8A5A-4CE2-8DDC-31FB592AB064}.Ad-Hoc|iPhone.Build.0 = Release|x86
		{A03F6014-8A5A-4CE2-8DDC-31FB592AB064}.Ad-Hoc|iPhone.Deploy.0 = Release|x86
		{A03F6014-8A5A-4CE2-8DDC-31FB592AB064}.Ad-Hoc|iPhoneSimulator.ActiveCfg = Release|x86
		{A03F6014-8A5A-4CE2-8DDC-31FB592AB064}.Ad-Hoc|iPhoneSimulator.Build.0 = Release|x86
		{A03F6014-8A5A-4CE2-8DDC-31FB592AB064}.Ad-Hoc|iPhoneSimulator.Deploy.0 = Release|x86
		{A03F6014-8A5A-4CE2-8DDC-31FB592AB064}.Ad-Hoc|x64.ActiveCfg = Release|x64
		{A03F6014-8A5A-4CE2-8DDC-31FB592AB064}.Ad-Hoc|x64.Build.0 = Release|x64
		{A03F6014-8A5A-4CE2-8DDC-31FB592AB064}.Ad-Hoc|x64.Deploy.0 = Release|x64
		{A03F6014-8A5A-4CE2-8DDC-31FB592AB064}.Ad-Hoc|x86.ActiveCfg = Release|x86
		{A03F6014-8A5A-4CE2-8DDC-31FB592AB064}.Ad-Hoc|x86.Build.0 = Release|x86
		{A03F6014-8A5A-4CE2-8DDC-31FB592AB064}.Ad-Hoc|x86.Deploy.0 = Release|x86
		{A03F6014-8A5A-4CE2-8DDC-31FB592AB064}.AppStore|Any CPU.ActiveCfg = Release|x86
		{A03F6014-8A5A-4CE2-8DDC-31FB592AB064}.AppStore|Any CPU.Build.0 = Release|x86
		{A03F6014-8A5A-4CE2-8DDC-31FB592AB064}.AppStore|Any CPU.Deploy.0 = Release|x86
		{A03F6014-8A5A-4CE2-8DDC-31FB592AB064}.AppStore|ARM.ActiveCfg = Release|ARM
		{A03F6014-8A5A-4CE2-8DDC-31FB592AB064}.AppStore|ARM.Build.0 = Release|ARM
		{A03F6014-8A5A-4CE2-8DDC-31FB592AB064}.AppStore|ARM.Deploy.0 = Release|ARM
		{A03F6014-8A5A-4CE2-8DDC-31FB592AB064}.AppStore|iPhone.ActiveCfg = Release|x86
		{A03F6014-8A5A-4CE2-8DDC-31FB592AB064}.AppStore|iPhone.Build.0 = Release|x86
		{A03F6014-8A5A-4CE2-8DDC-31FB592AB064}.AppStore|iPhone.Deploy.0 = Release|x86
		{A03F6014-8A5A-4CE2-8DDC-31FB592AB064}.AppStore|iPhoneSimulator.ActiveCfg = Release|x86
		{A03F6014-8A5A-4CE2-8DDC-31FB592AB064}.AppStore|iPhoneSimulator.Build.0 = Release|x86
		{A03F6014-8A5A-4CE2-8DDC-31FB592AB064}.AppStore|iPhoneSimulator.Deploy.0 = Release|x86
		{A03F6014-8A5A-4CE2-8DDC-31FB592AB064}.AppStore|x64.ActiveCfg = Release|x64
		{A03F6014-8A5A-4CE2-8DDC-31FB592AB064}.AppStore|x64.Build.0 = Release|x64
		{A03F6014-8A5A-4CE2-8DDC-31FB592AB064}.AppStore|x64.Deploy.0 = Release|x64
		{A03F6014-8A5A-4CE2-8DDC-31FB592AB064}.AppStore|x86.ActiveCfg = Release|x86
		{A03F6014-8A5A-4CE2-8DDC-31FB592AB064}.AppStore|x86.Build.0 = Release|x86
		{A03F6014-8A5A-4CE2-8DDC-31FB592AB064}.AppStore|x86.Deploy.0 = Release|x86
		{A03F6014-8A5A-4CE2-8DDC-31FB592AB064}.Debug|Any CPU.ActiveCfg = Debug|x86
		{A03F6014-8A5A-4CE2-8DDC-31FB592AB064}.Debug|Any CPU.Build.0 = Debug|x86
		{A03F6014-8A5A-4CE2-8DDC-31FB592AB064}.Debug|Any CPU.Deploy.0 = Debug|x86
		{A03F6014-8A5A-4CE2-8DDC-31FB592AB064}.Debug|ARM.ActiveCfg = Debug|ARM
		{A03F6014-8A5A-4CE2-8DDC-31FB592AB064}.Debug|ARM.Build.0 = Debug|ARM
		{A03F6014-8A5A-4CE2-8DDC-31FB592AB064}.Debug|ARM.Deploy.0 = Debug|ARM
		{A03F6014-8A5A-4CE2-8DDC-31FB592AB064}.Debug|iPhone.ActiveCfg = Debug|x86
		{A03F6014-8A5A-4CE2-8DDC-31FB592AB064}.Debug|iPhone.Build.0 = Debug|x86
		{A03F6014-8A5A-4CE2-8DDC-31FB592AB064}.Debug|iPhone.Deploy.0 = Debug|x86
		{A03F6014-8A5A-4CE2-8DDC-31FB592AB064}.Debug|iPhoneSimulator.ActiveCfg = Debug|x86
		{A03F6014-8A5A-4CE2-8DDC-31FB592AB064}.Debug|iPhoneSimulator.Build.0 = Debug|x86
		{A03F6014-8A5A-4CE2-8DDC-31FB592AB064}.Debug|iPhoneSimulator.Deploy.0 = Debug|x86
		{A03F6014-8A5A-4CE2-8DDC-31FB592AB064}.Debug|x64.ActiveCfg = Debug|x64
		{A03F6014-8A5A-4CE2-8DDC-31FB592AB064}.Debug|x64.Build.0 = Debug|x64
		{A03F6014-8A5A-4CE2-8DDC-31FB592AB064}.Debug|x64.Deploy.0 = Debug|x64
		{A03F6014-8A5A-4CE2-8DDC-31FB592AB064}.Debug|x86.ActiveCfg = Debug|x86
		{A03F6014-8A5A-4CE2-8DDC-31FB592AB064}.Debug|x86.Build.0 = Debug|x86
		{A03F6014-8A5A-4CE2-8DDC-31FB592AB064}.Debug|x86.Deploy.0 = Debug|x86
		{A03F6014-8A5A-4CE2-8DDC-31FB592AB064}.Release|Any CPU.ActiveCfg = Release|x86
		{A03F6014-8A5A-4CE2-8DDC-31FB592AB064}.Release|Any CPU.Build.0 = Release|x86
		{A03F6014-8A5A-4CE2-8DDC-31FB592AB064}.Release|Any CPU.Deploy.0 = Release|x86
		{A03F6014-8A5A-4CE2-8DDC-31FB592AB064}.Release|ARM.ActiveCfg = Release|ARM
		{A03F6014-8A5A-4CE2-8DDC-31FB592AB064}.Release|ARM.Build.0 = Release|ARM
		{A03F6014-8A5A-4CE2-8DDC-31FB592AB064}.Release|ARM.Deploy.0 = Release|ARM
		{A03F6014-8A5A-4CE2-8DDC-31FB592AB064}.Release|iPhone.ActiveCfg = Release|x86
		{A03F6014-8A5A-4CE2-8DDC-31FB592AB064}.Release|iPhone.Build.0 = Release|x86
		{A03F6014-8A5A-4CE2-8DDC-31FB592AB064}.Release|iPhone.Deploy.0 = Release|x86
		{A03F6014-8A5A-4CE2-8DDC-31FB592AB064}.Release|iPhoneSimulator.ActiveCfg = Release|x86
		{A03F6014-8A5A-4CE2-8DDC-31FB592AB064}.Release|iPhoneSimulator.Build.0 = Release|x86
		{A03F6014-8A5A-4CE2-8DDC-31FB592AB064}.Release|iPhoneSimulator.Deploy.0 = Release|x86
		{A03F6014-8A5A-4CE2-8DDC-31FB592AB064}.Release|x64.ActiveCfg = Release|x64
		{A03F6014-8A5A-4CE2-8DDC-31FB592AB064}.Release|x64.Build.0 = Release|x64
		{A03F6014-8A5A-4CE2-8DDC-31FB592AB064}.Release|x64.Deploy.0 = Release|x64
		{A03F6014-8A5A-4CE2-8DDC-31FB592AB064}.Release|x86.ActiveCfg = Release|x86
		{A03F6014-8A5A-4CE2-8DDC-31FB592AB064}.Release|x86.Build.0 = Release|x86
		{A03F6014-8A5A-4CE2-8DDC-31FB592AB064}.Release|x86.Deploy.0 = Release|x86
		{D7E6ECDD-9A6E-4045-B279-E270618AE11D}.Ad-Hoc|Any CPU.ActiveCfg = Debug|Any CPU
		{D7E6ECDD-9A6E-4045-B279-E270618AE11D}.Ad-Hoc|Any CPU.Build.0 = Debug|Any CPU
		{D7E6ECDD-9A6E-4045-B279-E270618AE11D}.Ad-Hoc|Any CPU.Deploy.0 = Debug|Any CPU
		{D7E6ECDD-9A6E-4045-B279-E270618AE11D}.Ad-Hoc|ARM.ActiveCfg = Debug|Any CPU
		{D7E6ECDD-9A6E-4045-B279-E270618AE11D}.Ad-Hoc|ARM.Build.0 = Debug|Any CPU
		{D7E6ECDD-9A6E-4045-B279-E270618AE11D}.Ad-Hoc|ARM.Deploy.0 = Debug|Any CPU
		{D7E6ECDD-9A6E-4045-B279-E270618AE11D}.Ad-Hoc|iPhone.ActiveCfg = Debug|Any CPU
		{D7E6ECDD-9A6E-4045-B279-E270618AE11D}.Ad-Hoc|iPhone.Build.0 = Debug|Any CPU
		{D7E6ECDD-9A6E-4045-B279-E270618AE11D}.Ad-Hoc|iPhone.Deploy.0 = Debug|Any CPU
		{D7E6ECDD-9A6E-4045-B279-E270618AE11D}.Ad-Hoc|iPhoneSimulator.ActiveCfg = Debug|Any CPU
		{D7E6ECDD-9A6E-4045-B279-E270618AE11D}.Ad-Hoc|iPhoneSimulator.Build.0 = Debug|Any CPU
		{D7E6ECDD-9A6E-4045-B279-E270618AE11D}.Ad-Hoc|iPhoneSimulator.Deploy.0 = Debug|Any CPU
		{D7E6ECDD-9A6E-4045-B279-E270618AE11D}.Ad-Hoc|x64.ActiveCfg = Debug|Any CPU
		{D7E6ECDD-9A6E-4045-B279-E270618AE11D}.Ad-Hoc|x64.Build.0 = Debug|Any CPU
		{D7E6ECDD-9A6E-4045-B279-E270618AE11D}.Ad-Hoc|x64.Deploy.0 = Debug|Any CPU
		{D7E6ECDD-9A6E-4045-B279-E270618AE11D}.Ad-Hoc|x86.ActiveCfg = Debug|Any CPU
		{D7E6ECDD-9A6E-4045-B279-E270618AE11D}.Ad-Hoc|x86.Build.0 = Debug|Any CPU
		{D7E6ECDD-9A6E-4045-B279-E270618AE11D}.Ad-Hoc|x86.Deploy.0 = Debug|Any CPU
		{D7E6ECDD-9A6E-4045-B279-E270618AE11D}.AppStore|Any CPU.ActiveCfg = Debug|Any CPU
		{D7E6ECDD-9A6E-4045-B279-E270618AE11D}.AppStore|Any CPU.Build.0 = Debug|Any CPU
		{D7E6ECDD-9A6E-4045-B279-E270618AE11D}.AppStore|Any CPU.Deploy.0 = Debug|Any CPU
		{D7E6ECDD-9A6E-4045-B279-E270618AE11D}.AppStore|ARM.ActiveCfg = Debug|Any CPU
		{D7E6ECDD-9A6E-4045-B279-E270618AE11D}.AppStore|ARM.Build.0 = Debug|Any CPU
		{D7E6ECDD-9A6E-4045-B279-E270618AE11D}.AppStore|ARM.Deploy.0 = Debug|Any CPU
		{D7E6ECDD-9A6E-4045-B279-E270618AE11D}.AppStore|iPhone.ActiveCfg = Debug|Any CPU
		{D7E6ECDD-9A6E-4045-B279-E270618AE11D}.AppStore|iPhone.Build.0 = Debug|Any CPU
		{D7E6ECDD-9A6E-4045-B279-E270618AE11D}.AppStore|iPhone.Deploy.0 = Debug|Any CPU
		{D7E6ECDD-9A6E-4045-B279-E270618AE11D}.AppStore|iPhoneSimulator.ActiveCfg = Debug|Any CPU
		{D7E6ECDD-9A6E-4045-B279-E270618AE11D}.AppStore|iPhoneSimulator.Build.0 = Debug|Any CPU
		{D7E6ECDD-9A6E-4045-B279-E270618AE11D}.AppStore|iPhoneSimulator.Deploy.0 = Debug|Any CPU
		{D7E6ECDD-9A6E-4045-B279-E270618AE11D}.AppStore|x64.ActiveCfg = Debug|Any CPU
		{D7E6ECDD-9A6E-4045-B279-E270618AE11D}.AppStore|x64.Build.0 = Debug|Any CPU
		{D7E6ECDD-9A6E-4045-B279-E270618AE11D}.AppStore|x64.Deploy.0 = Debug|Any CPU
		{D7E6ECDD-9A6E-4045-B279-E270618AE11D}.AppStore|x86.ActiveCfg = Debug|Any CPU
		{D7E6ECDD-9A6E-4045-B279-E270618AE11D}.AppStore|x86.Build.0 = Debug|Any CPU
		{D7E6ECDD-9A6E-4045-B279-E270618AE11D}.AppStore|x86.Deploy.0 = Debug|Any CPU
		{D7E6ECDD-9A6E-4045-B279-E270618AE11D}.Debug|Any CPU.ActiveCfg = Debug|Any CPU
		{D7E6ECDD-9A6E-4045-B279-E270618AE11D}.Debug|Any CPU.Build.0 = Debug|Any CPU
		{D7E6ECDD-9A6E-4045-B279-E270618AE11D}.Debug|Any CPU.Deploy.0 = Debug|Any CPU
		{D7E6ECDD-9A6E-4045-B279-E270618AE11D}.Debug|ARM.ActiveCfg = Debug|Any CPU
		{D7E6ECDD-9A6E-4045-B279-E270618AE11D}.Debug|ARM.Build.0 = Debug|Any CPU
		{D7E6ECDD-9A6E-4045-B279-E270618AE11D}.Debug|ARM.Deploy.0 = Debug|Any CPU
		{D7E6ECDD-9A6E-4045-B279-E270618AE11D}.Debug|iPhone.ActiveCfg = Debug|Any CPU
		{D7E6ECDD-9A6E-4045-B279-E270618AE11D}.Debug|iPhone.Build.0 = Debug|Any CPU
		{D7E6ECDD-9A6E-4045-B279-E270618AE11D}.Debug|iPhone.Deploy.0 = Debug|Any CPU
		{D7E6ECDD-9A6E-4045-B279-E270618AE11D}.Debug|iPhoneSimulator.ActiveCfg = Debug|Any CPU
		{D7E6ECDD-9A6E-4045-B279-E270618AE11D}.Debug|iPhoneSimulator.Build.0 = Debug|Any CPU
		{D7E6ECDD-9A6E-4045-B279-E270618AE11D}.Debug|iPhoneSimulator.Deploy.0 = Debug|Any CPU
		{D7E6ECDD-9A6E-4045-B279-E270618AE11D}.Debug|x64.ActiveCfg = Debug|Any CPU
		{D7E6ECDD-9A6E-4045-B279-E270618AE11D}.Debug|x64.Build.0 = Debug|Any CPU
		{D7E6ECDD-9A6E-4045-B279-E270618AE11D}.Debug|x64.Deploy.0 = Debug|Any CPU
		{D7E6ECDD-9A6E-4045-B279-E270618AE11D}.Debug|x86.ActiveCfg = Debug|Any CPU
		{D7E6ECDD-9A6E-4045-B279-E270618AE11D}.Debug|x86.Build.0 = Debug|Any CPU
		{D7E6ECDD-9A6E-4045-B279-E270618AE11D}.Debug|x86.Deploy.0 = Debug|Any CPU
		{D7E6ECDD-9A6E-4045-B279-E270618AE11D}.Release|Any CPU.ActiveCfg = Release|Any CPU
		{D7E6ECDD-9A6E-4045-B279-E270618AE11D}.Release|Any CPU.Build.0 = Release|Any CPU
		{D7E6ECDD-9A6E-4045-B279-E270618AE11D}.Release|Any CPU.Deploy.0 = Release|Any CPU
		{D7E6ECDD-9A6E-4045-B279-E270618AE11D}.Release|ARM.ActiveCfg = Release|Any CPU
		{D7E6ECDD-9A6E-4045-B279-E270618AE11D}.Release|ARM.Build.0 = Release|Any CPU
		{D7E6ECDD-9A6E-4045-B279-E270618AE11D}.Release|ARM.Deploy.0 = Release|Any CPU
		{D7E6ECDD-9A6E-4045-B279-E270618AE11D}.Release|iPhone.ActiveCfg = Release|Any CPU
		{D7E6ECDD-9A6E-4045-B279-E270618AE11D}.Release|iPhone.Build.0 = Release|Any CPU
		{D7E6ECDD-9A6E-4045-B279-E270618AE11D}.Release|iPhone.Deploy.0 = Release|Any CPU
		{D7E6ECDD-9A6E-4045-B279-E270618AE11D}.Release|iPhoneSimulator.ActiveCfg = Release|Any CPU
		{D7E6ECDD-9A6E-4045-B279-E270618AE11D}.Release|iPhoneSimulator.Build.0 = Release|Any CPU
		{D7E6ECDD-9A6E-4045-B279-E270618AE11D}.Release|iPhoneSimulator.Deploy.0 = Release|Any CPU
		{D7E6ECDD-9A6E-4045-B279-E270618AE11D}.Release|x64.ActiveCfg = Release|Any CPU
		{D7E6ECDD-9A6E-4045-B279-E270618AE11D}.Release|x64.Build.0 = Release|Any CPU
		{D7E6ECDD-9A6E-4045-B279-E270618AE11D}.Release|x64.Deploy.0 = Release|Any CPU
		{D7E6ECDD-9A6E-4045-B279-E270618AE11D}.Release|x86.ActiveCfg = Release|Any CPU
		{D7E6ECDD-9A6E-4045-B279-E270618AE11D}.Release|x86.Build.0 = Release|Any CPU
		{D7E6ECDD-9A6E-4045-B279-E270618AE11D}.Release|x86.Deploy.0 = Release|Any CPU
	EndGlobalSection
	GlobalSection(SolutionProperties) = preSolution
		HideSolutionNode = FALSE
	EndGlobalSection
	GlobalSection(ExtensibilityGlobals) = postSolution
		SolutionGuid = {C06B1771-784D-4B30-8EB1-1BEAE873C917}
	EndGlobalSection
EndGlobal
